
Microsoft Visual Studio Solution File, Format Version 12.00
# Visual Studio Version 17
VisualStudioVersion = 17.9.34728.123
MinimumVisualStudioVersion = 10.0.40219.1
Project("{FAE04EC0-301F-11D3-BF4B-00C04F79EFBC}") = "AdvancedCalculator", "AdvancedCalculator.csproj", "{AE9BA555-A0D2-47DB-B6B2-1CCD0CAF9767}"
EndProject
Global
	GlobalSection(SolutionConfigurationPlatforms) = preSolution
		Debug|Any CPU = Debug|Any CPU
		Release|Any CPU = Release|Any CPU
	EndGlobalSection
	GlobalSection(ProjectConfigurationPlatforms) = postSolution
		{AE9BA555-A0D2-47DB-B6B2-1CCD0CAF9767}.Debug|Any CPU.ActiveCfg = Debug|Any CPU
		{AE9BA555-A0D2-47DB-B6B2-1CCD0CAF9767}.Debug|Any CPU.Build.0 = Debug|Any CPU
		{AE9BA555-A0D2-47DB-B6B2-1CCD0CAF9767}.Release|Any CPU.ActiveCfg = Release|Any CPU
		{AE9BA555-A0D2-47DB-B6B2-1CCD0CAF9767}.Release|Any CPU.Build.0 = Release|Any CPU
	EndGlobalSection
	GlobalSection(SolutionProperties) = preSolution
		HideSolutionNode = FALSE
	EndGlobalSection
	GlobalSection(ExtensibilityGlobals) = postSolution
		SolutionGuid = {AC5D2D79-B7C9-4572-9983-9AD45112C5B2}
	EndGlobalSection
EndGlobal
